<?xml version="1.0" encoding="UTF-8"?>
<Scheme
   version = "1.3">
   <BuildAction>
      <BuildActionEntries>
         <BuildActionEntry
            buildForRunning = "YES">
            <BuildableReference
               BuildableIdentifier = "primary"
               BlueprintIdentifier = "47553CC82AB8E1D90060DE17"
               BuildableName = "ios-app.app"
               BlueprintName = "ios-app"
               ReferencedContainer = "container:ios-app.xcodeproj">
            </BuildableReference>
         </BuildActionEntry>
      </BuildActionEntries>
   </BuildAction>
   <LaunchAction
      useCustomWorkingDirectory = "YES"
      buildConfiguration = "Debug"
      allowLocationSimulation = "YES"
      customWorkingDirectory = "/Users/211197/Projects/MagicTheGathering">
      <BuildableProductRunnable>
         <BuildableReference
            BuildableIdentifier = "primary"
            BlueprintIdentifier = "47553CC82AB8E1D90060DE17"
            BuildableName = "ios-app.app"
            BlueprintName = "ios-app"
            ReferencedContainer = "container:ios-app.xcodeproj">
         </BuildableReference>
      </BuildableProductRunnable>
   </LaunchAction>
</Scheme>
